// !$*UTF8*$!
{
	archiveVersion = 1;
	classes = {
	};
	objectVersion = 52;
	objects = {

/* Begin PBXBuildFile section */
		2CA59ADE2607C8B000E41A12 /* AppDelegate.swift in Sources */ = {isa = PBXBuildFile; fileRef = 2CA59ADD2607C8B000E41A12 /* AppDelegate.swift */; };
		2CA59AE22607C8B000E41A12 /* HomeViewController.swift in Sources */ = {isa = PBXBuildFile; fileRef = 2CA59AE12607C8B000E41A12 /* HomeViewController.swift */; };
		2CA59AE72607C8B100E41A12 /* Assets.xcassets in Resources */ = {isa = PBXBuildFile; fileRef = 2CA59AE62607C8B100E41A12 /* Assets.xcassets */; };
		2CA59AEA2607C8B100E41A12 /* LaunchScreen.storyboard in Resources */ = {isa = PBXBuildFile; fileRef = 2CA59AE82607C8B100E41A12 /* LaunchScreen.storyboard */; };
		2CA59AF52607C8B100E41A12 /* HomeTests.swift in Sources */ = {isa = PBXBuildFile; fileRef = 2CA59AF42607C8B100E41A12 /* HomeTests.swift */; };
		2CA59B002607C8B100E41A12 /* HomeUITests.swift in Sources */ = {isa = PBXBuildFile; fileRef = 2CA59AFF2607C8B100E41A12 /* HomeUITests.swift */; };
		2CA59B322607CA2100E41A12 /* RootCoordinator.swift in Sources */ = {isa = PBXBuildFile; fileRef = 2CA59B312607CA2100E41A12 /* RootCoordinator.swift */; };
		2CA59B3C2607CA9B00E41A12 /* Coordinator.swift in Sources */ = {isa = PBXBuildFile; fileRef = 2CA59B3B2607CA9B00E41A12 /* Coordinator.swift */; };
		2CA59B452607CAD900E41A12 /* HomeCoordinator.swift in Sources */ = {isa = PBXBuildFile; fileRef = 2CA59B442607CAD900E41A12 /* HomeCoordinator.swift */; };
		2CA5A1092607EBB300E41A12 /* RxSwift in Frameworks */ = {isa = PBXBuildFile; productRef = 2CA5A1082607EBB300E41A12 /* RxSwift */; };
		2CA5A10B2607EBB300E41A12 /* RxCocoa in Frameworks */ = {isa = PBXBuildFile; productRef = 2CA5A10A2607EBB300E41A12 /* RxCocoa */; };
		2CA5A1112607ED4100E41A12 /* Resouces.swift in Sources */ = {isa = PBXBuildFile; fileRef = 2CA5A1102607ED4100E41A12 /* Resouces.swift */; };
		2CA5A11A2607EED200E41A12 /* APIRequest.swift in Sources */ = {isa = PBXBuildFile; fileRef = 2CA5A1192607EED200E41A12 /* APIRequest.swift */; };
		2CA5A1222607F01000E41A12 /* HomeService.swift in Sources */ = {isa = PBXBuildFile; fileRef = 2CA5A1212607F01000E41A12 /* HomeService.swift */; };
		2CA5A12D2607F54500E41A12 /* HomeViewModel.swift in Sources */ = {isa = PBXBuildFile; fileRef = 2CA5A12C2607F54500E41A12 /* HomeViewModel.swift */; };
		2CA5A13A260805C400E41A12 /* DevicesDataSource.swift in Sources */ = {isa = PBXBuildFile; fileRef = 2CA5A139260805C400E41A12 /* DevicesDataSource.swift */; };
		2CA5A1452608089100E41A12 /* DeviceCollectionViewCell.swift in Sources */ = {isa = PBXBuildFile; fileRef = 2CA5A1442608089100E41A12 /* DeviceCollectionViewCell.swift */; };
		2CA5A1582608E84B00E41A12 /* UIView+Anchor.swift in Sources */ = {isa = PBXBuildFile; fileRef = 2CA5A1572608E84B00E41A12 /* UIView+Anchor.swift */; };
		2CA5A15F2608FF6500E41A12 /* HeaterViewController.swift in Sources */ = {isa = PBXBuildFile; fileRef = 2CA5A15E2608FF6500E41A12 /* HeaterViewController.swift */; };
		2CA5A1672608FF9D00E41A12 /* HeaterViewModel.swift in Sources */ = {isa = PBXBuildFile; fileRef = 2CA5A1662608FF9D00E41A12 /* HeaterViewModel.swift */; };
		2CA5A16E2609166D00E41A12 /* LightViewModel.swift in Sources */ = {isa = PBXBuildFile; fileRef = 2CA5A16D2609166D00E41A12 /* LightViewModel.swift */; };
		2CA5A1762609167F00E41A12 /* LightViewController.swift in Sources */ = {isa = PBXBuildFile; fileRef = 2CA5A1752609167F00E41A12 /* LightViewController.swift */; };
		2CA5A17B260916BA00E41A12 /* RollerShutterViewController.swift in Sources */ = {isa = PBXBuildFile; fileRef = 2CA5A17A260916BA00E41A12 /* RollerShutterViewController.swift */; };
		2CA5A183260916D200E41A12 /* RollerShutterViewModel.swift in Sources */ = {isa = PBXBuildFile; fileRef = 2CA5A182260916D200E41A12 /* RollerShutterViewModel.swift */; };
		2CA5A1892609568B00E41A12 /* UserViewController.swift in Sources */ = {isa = PBXBuildFile; fileRef = 2CA5A1882609568B00E41A12 /* UserViewController.swift */; };
		2CA5A18E260956A800E41A12 /* UserViewModel.swift in Sources */ = {isa = PBXBuildFile; fileRef = 2CA5A18D260956A800E41A12 /* UserViewModel.swift */; };
		2CA5A19726095E9100E41A12 /* UserDefault+.swift in Sources */ = {isa = PBXBuildFile; fileRef = 2CA5A19626095E9100E41A12 /* UserDefault+.swift */; };
		2CA5A19F26095EC500E41A12 /* UserDefaultConfig.swift in Sources */ = {isa = PBXBuildFile; fileRef = 2CA5A19E26095EC500E41A12 /* UserDefaultConfig.swift */; };
		2CA5A1A42609646800E41A12 /* Double+.swift in Sources */ = {isa = PBXBuildFile; fileRef = 2CA5A1A32609646800E41A12 /* Double+.swift */; };
/* End PBXBuildFile section */

/* Begin PBXContainerItemProxy section */
		2CA59AF12607C8B100E41A12 /* PBXContainerItemProxy */ = {
			isa = PBXContainerItemProxy;
			containerPortal = 2CA59AD22607C8B000E41A12 /* Project object */;
			proxyType = 1;
			remoteGlobalIDString = 2CA59AD92607C8B000E41A12;
			remoteInfo = Home;
		};
		2CA59AFC2607C8B100E41A12 /* PBXContainerItemProxy */ = {
			isa = PBXContainerItemProxy;
			containerPortal = 2CA59AD22607C8B000E41A12 /* Project object */;
			proxyType = 1;
			remoteGlobalIDString = 2CA59AD92607C8B000E41A12;
			remoteInfo = Home;
		};
/* End PBXContainerItemProxy section */

/* Begin PBXFileReference section */
		2CA59ADA2607C8B000E41A12 /* Home.app */ = {isa = PBXFileReference; explicitFileType = wrapper.application; includeInIndex = 0; path = Home.app; sourceTree = BUILT_PRODUCTS_DIR; };
		2CA59ADD2607C8B000E41A12 /* AppDelegate.swift */ = {isa = PBXFileReference; lastKnownFileType = sourcecode.swift; path = AppDelegate.swift; sourceTree = "<group>"; };
		2CA59AE12607C8B000E41A12 /* HomeViewController.swift */ = {isa = PBXFileReference; lastKnownFileType = sourcecode.swift; path = HomeViewController.swift; sourceTree = "<group>"; };
		2CA59AE62607C8B100E41A12 /* Assets.xcassets */ = {isa = PBXFileReference; lastKnownFileType = folder.assetcatalog; path = Assets.xcassets; sourceTree = "<group>"; };
		2CA59AE92607C8B100E41A12 /* Base */ = {isa = PBXFileReference; lastKnownFileType = file.storyboard; name = Base; path = Base.lproj/LaunchScreen.storyboard; sourceTree = "<group>"; };
		2CA59AEB2607C8B100E41A12 /* Info.plist */ = {isa = PBXFileReference; lastKnownFileType = text.plist.xml; path = Info.plist; sourceTree = "<group>"; };
		2CA59AF02607C8B100E41A12 /* HomeTests.xctest */ = {isa = PBXFileReference; explicitFileType = wrapper.cfbundle; includeInIndex = 0; path = HomeTests.xctest; sourceTree = BUILT_PRODUCTS_DIR; };
		2CA59AF42607C8B100E41A12 /* HomeTests.swift */ = {isa = PBXFileReference; lastKnownFileType = sourcecode.swift; path = HomeTests.swift; sourceTree = "<group>"; };
		2CA59AF62607C8B100E41A12 /* Info.plist */ = {isa = PBXFileReference; lastKnownFileType = text.plist.xml; path = Info.plist; sourceTree = "<group>"; };
		2CA59AFB2607C8B100E41A12 /* HomeUITests.xctest */ = {isa = PBXFileReference; explicitFileType = wrapper.cfbundle; includeInIndex = 0; path = HomeUITests.xctest; sourceTree = BUILT_PRODUCTS_DIR; };
		2CA59AFF2607C8B100E41A12 /* HomeUITests.swift */ = {isa = PBXFileReference; lastKnownFileType = sourcecode.swift; path = HomeUITests.swift; sourceTree = "<group>"; };
		2CA59B012607C8B100E41A12 /* Info.plist */ = {isa = PBXFileReference; lastKnownFileType = text.plist.xml; path = Info.plist; sourceTree = "<group>"; };
		2CA59B312607CA2100E41A12 /* RootCoordinator.swift */ = {isa = PBXFileReference; lastKnownFileType = sourcecode.swift; path = RootCoordinator.swift; sourceTree = "<group>"; };
		2CA59B3B2607CA9B00E41A12 /* Coordinator.swift */ = {isa = PBXFileReference; lastKnownFileType = sourcecode.swift; path = Coordinator.swift; sourceTree = "<group>"; };
		2CA59B442607CAD900E41A12 /* HomeCoordinator.swift */ = {isa = PBXFileReference; lastKnownFileType = sourcecode.swift; path = HomeCoordinator.swift; sourceTree = "<group>"; };
		2CA5A1102607ED4100E41A12 /* Resouces.swift */ = {isa = PBXFileReference; lastKnownFileType = sourcecode.swift; path = Resouces.swift; sourceTree = "<group>"; };
		2CA5A1192607EED200E41A12 /* APIRequest.swift */ = {isa = PBXFileReference; lastKnownFileType = sourcecode.swift; path = APIRequest.swift; sourceTree = "<group>"; };
		2CA5A1212607F01000E41A12 /* HomeService.swift */ = {isa = PBXFileReference; lastKnownFileType = sourcecode.swift; path = HomeService.swift; sourceTree = "<group>"; };
		2CA5A12C2607F54500E41A12 /* HomeViewModel.swift */ = {isa = PBXFileReference; lastKnownFileType = sourcecode.swift; path = HomeViewModel.swift; sourceTree = "<group>"; };
		2CA5A139260805C400E41A12 /* DevicesDataSource.swift */ = {isa = PBXFileReference; lastKnownFileType = sourcecode.swift; path = DevicesDataSource.swift; sourceTree = "<group>"; };
		2CA5A1442608089100E41A12 /* DeviceCollectionViewCell.swift */ = {isa = PBXFileReference; lastKnownFileType = sourcecode.swift; path = DeviceCollectionViewCell.swift; sourceTree = "<group>"; };
		2CA5A1572608E84B00E41A12 /* UIView+Anchor.swift */ = {isa = PBXFileReference; lastKnownFileType = sourcecode.swift; path = "UIView+Anchor.swift"; sourceTree = "<group>"; };
		2CA5A15E2608FF6500E41A12 /* HeaterViewController.swift */ = {isa = PBXFileReference; lastKnownFileType = sourcecode.swift; path = HeaterViewController.swift; sourceTree = "<group>"; };
		2CA5A1662608FF9D00E41A12 /* HeaterViewModel.swift */ = {isa = PBXFileReference; lastKnownFileType = sourcecode.swift; path = HeaterViewModel.swift; sourceTree = "<group>"; };
		2CA5A16D2609166D00E41A12 /* LightViewModel.swift */ = {isa = PBXFileReference; lastKnownFileType = sourcecode.swift; path = LightViewModel.swift; sourceTree = "<group>"; };
		2CA5A1752609167F00E41A12 /* LightViewController.swift */ = {isa = PBXFileReference; lastKnownFileType = sourcecode.swift; path = LightViewController.swift; sourceTree = "<group>"; };
		2CA5A17A260916BA00E41A12 /* RollerShutterViewController.swift */ = {isa = PBXFileReference; lastKnownFileType = sourcecode.swift; path = RollerShutterViewController.swift; sourceTree = "<group>"; };
		2CA5A182260916D200E41A12 /* RollerShutterViewModel.swift */ = {isa = PBXFileReference; lastKnownFileType = sourcecode.swift; path = RollerShutterViewModel.swift; sourceTree = "<group>"; };
		2CA5A1882609568B00E41A12 /* UserViewController.swift */ = {isa = PBXFileReference; lastKnownFileType = sourcecode.swift; path = UserViewController.swift; sourceTree = "<group>"; };
		2CA5A18D260956A800E41A12 /* UserViewModel.swift */ = {isa = PBXFileReference; lastKnownFileType = sourcecode.swift; path = UserViewModel.swift; sourceTree = "<group>"; };
		2CA5A19626095E9100E41A12 /* UserDefault+.swift */ = {isa = PBXFileReference; lastKnownFileType = sourcecode.swift; path = "UserDefault+.swift"; sourceTree = "<group>"; };
		2CA5A19E26095EC500E41A12 /* UserDefaultConfig.swift */ = {isa = PBXFileReference; lastKnownFileType = sourcecode.swift; path = UserDefaultConfig.swift; sourceTree = "<group>"; };
		2CA5A1A32609646800E41A12 /* Double+.swift */ = {isa = PBXFileReference; lastKnownFileType = sourcecode.swift; path = "Double+.swift"; sourceTree = "<group>"; };
/* End PBXFileReference section */

/* Begin PBXFrameworksBuildPhase section */
		2CA59AD72607C8B000E41A12 /* Frameworks */ = {
			isa = PBXFrameworksBuildPhase;
			buildActionMask = 2147483647;
			files = (
				2CA5A10B2607EBB300E41A12 /* RxCocoa in Frameworks */,
				2CA5A1092607EBB300E41A12 /* RxSwift in Frameworks */,
			);
			runOnlyForDeploymentPostprocessing = 0;
		};
		2CA59AED2607C8B100E41A12 /* Frameworks */ = {
			isa = PBXFrameworksBuildPhase;
			buildActionMask = 2147483647;
			files = (
			);
			runOnlyForDeploymentPostprocessing = 0;
		};
		2CA59AF82607C8B100E41A12 /* Frameworks */ = {
			isa = PBXFrameworksBuildPhase;
			buildActionMask = 2147483647;
			files = (
			);
			runOnlyForDeploymentPostprocessing = 0;
		};
/* End PBXFrameworksBuildPhase section */

/* Begin PBXGroup section */
		2CA59AD12607C8B000E41A12 = {
			isa = PBXGroup;
			children = (
				2CA59ADC2607C8B000E41A12 /* Home */,
				2CA59AF32607C8B100E41A12 /* HomeTests */,
				2CA59AFE2607C8B100E41A12 /* HomeUITests */,
				2CA59ADB2607C8B000E41A12 /* Products */,
			);
			sourceTree = "<group>";
		};
		2CA59ADB2607C8B000E41A12 /* Products */ = {
			isa = PBXGroup;
			children = (
				2CA59ADA2607C8B000E41A12 /* Home.app */,
				2CA59AF02607C8B100E41A12 /* HomeTests.xctest */,
				2CA59AFB2607C8B100E41A12 /* HomeUITests.xctest */,
			);
			name = Products;
			sourceTree = "<group>";
		};
		2CA59ADC2607C8B000E41A12 /* Home */ = {
			isa = PBXGroup;
			children = (
				2CA5A19526095E4C00E41A12 /* Helpers */,
				2CA5A1562608E83500E41A12 /* Extensions */,
				2CA5A1182607EEBB00E41A12 /* Services */,
				2CA59B532607CD1300E41A12 /* Sources */,
				2CA59B4C2607CC9500E41A12 /* Resources */,
				2CA59B392607CA6A00E41A12 /* Scene */,
				2CA5A10F2607ECEC00E41A12 /* Model */,
			);
			path = Home;
			sourceTree = "<group>";
		};
		2CA59AF32607C8B100E41A12 /* HomeTests */ = {
			isa = PBXGroup;
			children = (
				2CA59AF42607C8B100E41A12 /* HomeTests.swift */,
				2CA59AF62607C8B100E41A12 /* Info.plist */,
			);
			path = HomeTests;
			sourceTree = "<group>";
		};
		2CA59AFE2607C8B100E41A12 /* HomeUITests */ = {
			isa = PBXGroup;
			children = (
				2CA59AFF2607C8B100E41A12 /* HomeUITests.swift */,
				2CA59B012607C8B100E41A12 /* Info.plist */,
			);
			path = HomeUITests;
			sourceTree = "<group>";
		};
		2CA59B392607CA6A00E41A12 /* Scene */ = {
			isa = PBXGroup;
			children = (
				2CA59B432607CAC400E41A12 /* Home */,
				2CA5A15C2608FF2D00E41A12 /* Devices */,
				2CA5A1872609567400E41A12 /* User */,
				2CA59B3A2607CA7C00E41A12 /* Common */,
			);
			path = Scene;
			sourceTree = "<group>";
		};
		2CA59B3A2607CA7C00E41A12 /* Common */ = {
			isa = PBXGroup;
			children = (
				2CA59B3B2607CA9B00E41A12 /* Coordinator.swift */,
			);
			path = Common;
			sourceTree = "<group>";
		};
		2CA59B432607CAC400E41A12 /* Home */ = {
			isa = PBXGroup;
			children = (
				2CA59B442607CAD900E41A12 /* HomeCoordinator.swift */,
				2CA59AE12607C8B000E41A12 /* HomeViewController.swift */,
				2CA5A12C2607F54500E41A12 /* HomeViewModel.swift */,
				2CA5A137260805A700E41A12 /* DataSource */,
				2CA5A1492608089600E41A12 /* Cell */,
			);
			path = Home;
			sourceTree = "<group>";
		};
		2CA59B4C2607CC9500E41A12 /* Resources */ = {
			isa = PBXGroup;
			children = (
				2CA59AE62607C8B100E41A12 /* Assets.xcassets */,
				2CA59AE82607C8B100E41A12 /* LaunchScreen.storyboard */,
				2CA59AEB2607C8B100E41A12 /* Info.plist */,
			);
			path = Resources;
			sourceTree = "<group>";
		};
		2CA59B532607CD1300E41A12 /* Sources */ = {
			isa = PBXGroup;
			children = (
				2CA59ADD2607C8B000E41A12 /* AppDelegate.swift */,
				2CA59B312607CA2100E41A12 /* RootCoordinator.swift */,
			);
			path = Sources;
			sourceTree = "<group>";
		};
		2CA5A10F2607ECEC00E41A12 /* Model */ = {
			isa = PBXGroup;
			children = (
				2CA5A1102607ED4100E41A12 /* Resouces.swift */,
			);
			path = Model;
			sourceTree = "<group>";
		};
		2CA5A1182607EEBB00E41A12 /* Services */ = {
			isa = PBXGroup;
			children = (
				2CA5A1192607EED200E41A12 /* APIRequest.swift */,
				2CA5A1212607F01000E41A12 /* HomeService.swift */,
			);
			path = Services;
			sourceTree = "<group>";
		};
		2CA5A137260805A700E41A12 /* DataSource */ = {
			isa = PBXGroup;
			children = (
				2CA5A139260805C400E41A12 /* DevicesDataSource.swift */,
			);
			path = DataSource;
			sourceTree = "<group>";
		};
		2CA5A1492608089600E41A12 /* Cell */ = {
			isa = PBXGroup;
			children = (
				2CA5A1442608089100E41A12 /* DeviceCollectionViewCell.swift */,
			);
			path = Cell;
			sourceTree = "<group>";
		};
		2CA5A1562608E83500E41A12 /* Extensions */ = {
			isa = PBXGroup;
			children = (
				2CA5A1572608E84B00E41A12 /* UIView+Anchor.swift */,
				2CA5A19626095E9100E41A12 /* UserDefault+.swift */,
				2CA5A1A32609646800E41A12 /* Double+.swift */,
			);
			path = Extensions;
			sourceTree = "<group>";
		};
		2CA5A15C2608FF2D00E41A12 /* Devices */ = {
			isa = PBXGroup;
			children = (
				2CA5A16C2609164F00E41A12 /* RollerShutter */,
				2CA5A16B2609164900E41A12 /* Light */,
				2CA5A15D2608FF4900E41A12 /* Heater */,
			);
			path = Devices;
			sourceTree = "<group>";
		};
		2CA5A15D2608FF4900E41A12 /* Heater */ = {
			isa = PBXGroup;
			children = (
				2CA5A15E2608FF6500E41A12 /* HeaterViewController.swift */,
				2CA5A1662608FF9D00E41A12 /* HeaterViewModel.swift */,
			);
			path = Heater;
			sourceTree = "<group>";
		};
		2CA5A16B2609164900E41A12 /* Light */ = {
			isa = PBXGroup;
			children = (
				2CA5A1752609167F00E41A12 /* LightViewController.swift */,
				2CA5A16D2609166D00E41A12 /* LightViewModel.swift */,
			);
			path = Light;
			sourceTree = "<group>";
		};
		2CA5A16C2609164F00E41A12 /* RollerShutter */ = {
			isa = PBXGroup;
			children = (
				2CA5A17A260916BA00E41A12 /* RollerShutterViewController.swift */,
				2CA5A182260916D200E41A12 /* RollerShutterViewModel.swift */,
			);
			path = RollerShutter;
			sourceTree = "<group>";
		};
		2CA5A1872609567400E41A12 /* User */ = {
			isa = PBXGroup;
			children = (
				2CA5A1882609568B00E41A12 /* UserViewController.swift */,
				2CA5A18D260956A800E41A12 /* UserViewModel.swift */,
			);
			path = User;
			sourceTree = "<group>";
		};
		2CA5A19526095E4C00E41A12 /* Helpers */ = {
			isa = PBXGroup;
			children = (
				2CA5A19E26095EC500E41A12 /* UserDefaultConfig.swift */,
			);
			path = Helpers;
			sourceTree = "<group>";
		};
/* End PBXGroup section */

/* Begin PBXNativeTarget section */
		2CA59AD92607C8B000E41A12 /* Home */ = {
			isa = PBXNativeTarget;
			buildConfigurationList = 2CA59B042607C8B100E41A12 /* Build configuration list for PBXNativeTarget "Home" */;
			buildPhases = (
				2CA59AD62607C8B000E41A12 /* Sources */,
				2CA59AD72607C8B000E41A12 /* Frameworks */,
				2CA59AD82607C8B000E41A12 /* Resources */,
				2CA59B5D2607DA0200E41A12 /* ShellScript */,
			);
			buildRules = (
			);
			dependencies = (
			);
			name = Home;
			packageProductDependencies = (
				2CA5A1082607EBB300E41A12 /* RxSwift */,
				2CA5A10A2607EBB300E41A12 /* RxCocoa */,
			);
			productName = Home;
			productReference = 2CA59ADA2607C8B000E41A12 /* Home.app */;
			productType = "com.apple.product-type.application";
		};
		2CA59AEF2607C8B100E41A12 /* HomeTests */ = {
			isa = PBXNativeTarget;
			buildConfigurationList = 2CA59B072607C8B100E41A12 /* Build configuration list for PBXNativeTarget "HomeTests" */;
			buildPhases = (
				2CA59AEC2607C8B100E41A12 /* Sources */,
				2CA59AED2607C8B100E41A12 /* Frameworks */,
				2CA59AEE2607C8B100E41A12 /* Resources */,
			);
			buildRules = (
			);
			dependencies = (
				2CA59AF22607C8B100E41A12 /* PBXTargetDependency */,
			);
			name = HomeTests;
			productName = HomeTests;
			productReference = 2CA59AF02607C8B100E41A12 /* HomeTests.xctest */;
			productType = "com.apple.product-type.bundle.unit-test";
		};
		2CA59AFA2607C8B100E41A12 /* HomeUITests */ = {
			isa = PBXNativeTarget;
			buildConfigurationList = 2CA59B0A2607C8B100E41A12 /* Build configuration list for PBXNativeTarget "HomeUITests" */;
			buildPhases = (
				2CA59AF72607C8B100E41A12 /* Sources */,
				2CA59AF82607C8B100E41A12 /* Frameworks */,
				2CA59AF92607C8B100E41A12 /* Resources */,
			);
			buildRules = (
			);
			dependencies = (
				2CA59AFD2607C8B100E41A12 /* PBXTargetDependency */,
			);
			name = HomeUITests;
			productName = HomeUITests;
			productReference = 2CA59AFB2607C8B100E41A12 /* HomeUITests.xctest */;
			productType = "com.apple.product-type.bundle.ui-testing";
		};
/* End PBXNativeTarget section */

/* Begin PBXProject section */
		2CA59AD22607C8B000E41A12 /* Project object */ = {
			isa = PBXProject;
			attributes = {
				LastSwiftUpdateCheck = 1240;
				LastUpgradeCheck = 1240;
				TargetAttributes = {
					2CA59AD92607C8B000E41A12 = {
						CreatedOnToolsVersion = 12.4;
					};
					2CA59AEF2607C8B100E41A12 = {
						CreatedOnToolsVersion = 12.4;
						TestTargetID = 2CA59AD92607C8B000E41A12;
					};
					2CA59AFA2607C8B100E41A12 = {
						CreatedOnToolsVersion = 12.4;
						TestTargetID = 2CA59AD92607C8B000E41A12;
					};
				};
			};
			buildConfigurationList = 2CA59AD52607C8B000E41A12 /* Build configuration list for PBXProject "Home" */;
			compatibilityVersion = "Xcode 9.3";
			developmentRegion = en;
			hasScannedForEncodings = 0;
			knownRegions = (
				en,
				Base,
			);
			mainGroup = 2CA59AD12607C8B000E41A12;
			packageReferences = (
				2CA5A1072607EBB300E41A12 /* XCRemoteSwiftPackageReference "RxSwift" */,
			);
			productRefGroup = 2CA59ADB2607C8B000E41A12 /* Products */;
			projectDirPath = "";
			projectRoot = "";
			targets = (
				2CA59AD92607C8B000E41A12 /* Home */,
				2CA59AEF2607C8B100E41A12 /* HomeTests */,
				2CA59AFA2607C8B100E41A12 /* HomeUITests */,
			);
		};
/* End PBXProject section */

/* Begin PBXResourcesBuildPhase section */
		2CA59AD82607C8B000E41A12 /* Resources */ = {
			isa = PBXResourcesBuildPhase;
			buildActionMask = 2147483647;
			files = (
				2CA59AEA2607C8B100E41A12 /* LaunchScreen.storyboard in Resources */,
				2CA59AE72607C8B100E41A12 /* Assets.xcassets in Resources */,
			);
			runOnlyForDeploymentPostprocessing = 0;
		};
		2CA59AEE2607C8B100E41A12 /* Resources */ = {
			isa = PBXResourcesBuildPhase;
			buildActionMask = 2147483647;
			files = (
			);
			runOnlyForDeploymentPostprocessing = 0;
		};
		2CA59AF92607C8B100E41A12 /* Resources */ = {
			isa = PBXResourcesBuildPhase;
			buildActionMask = 2147483647;
			files = (
			);
			runOnlyForDeploymentPostprocessing = 0;
		};
/* End PBXResourcesBuildPhase section */

/* Begin PBXShellScriptBuildPhase section */
		2CA59B5D2607DA0200E41A12 /* ShellScript */ = {
			isa = PBXShellScriptBuildPhase;
			buildActionMask = 2147483647;
			files = (
			);
			inputFileListPaths = (
			);
			inputPaths = (
			);
			outputFileListPaths = (
			);
			outputPaths = (
			);
			runOnlyForDeploymentPostprocessing = 0;
			shellPath = /bin/sh;
			shellScript = "/usr/local/bin/carthage copy-frameworks\n";
		};
/* End PBXShellScriptBuildPhase section */

/* Begin PBXSourcesBuildPhase section */
		2CA59AD62607C8B000E41A12 /* Sources */ = {
			isa = PBXSourcesBuildPhase;
			buildActionMask = 2147483647;
			files = (
				2CA5A19F26095EC500E41A12 /* UserDefaultConfig.swift in Sources */,
				2CA5A13A260805C400E41A12 /* DevicesDataSource.swift in Sources */,
				2CA59B3C2607CA9B00E41A12 /* Coordinator.swift in Sources */,
				2CA5A12D2607F54500E41A12 /* HomeViewModel.swift in Sources */,
				2CA5A11A2607EED200E41A12 /* APIRequest.swift in Sources */,
				2CA59AE22607C8B000E41A12 /* HomeViewController.swift in Sources */,
				2CA5A16E2609166D00E41A12 /* LightViewModel.swift in Sources */,
				2CA5A1582608E84B00E41A12 /* UIView+Anchor.swift in Sources */,
				2CA59B452607CAD900E41A12 /* HomeCoordinator.swift in Sources */,
				2CA5A1A42609646800E41A12 /* Double+.swift in Sources */,
				2CA5A17B260916BA00E41A12 /* RollerShutterViewController.swift in Sources */,
				2CA5A1672608FF9D00E41A12 /* HeaterViewModel.swift in Sources */,
				2CA59B322607CA2100E41A12 /* RootCoordinator.swift in Sources */,
				2CA5A1112607ED4100E41A12 /* Resouces.swift in Sources */,
				2CA5A1762609167F00E41A12 /* LightViewController.swift in Sources */,
				2CA5A18E260956A800E41A12 /* UserViewModel.swift in Sources */,
				2CA5A1452608089100E41A12 /* DeviceCollectionViewCell.swift in Sources */,
				2CA5A183260916D200E41A12 /* RollerShutterViewModel.swift in Sources */,
				2CA59ADE2607C8B000E41A12 /* AppDelegate.swift in Sources */,
				2CA5A1222607F01000E41A12 /* HomeService.swift in Sources */,
				2CA5A15F2608FF6500E41A12 /* HeaterViewController.swift in Sources */,
				2CA5A19726095E9100E41A12 /* UserDefault+.swift in Sources */,
				2CA5A1892609568B00E41A12 /* UserViewController.swift in Sources */,
			);
			runOnlyForDeploymentPostprocessing = 0;
		};
		2CA59AEC2607C8B100E41A12 /* Sources */ = {
			isa = PBXSourcesBuildPhase;
			buildActionMask = 2147483647;
			files = (
				2CA59AF52607C8B100E41A12 /* HomeTests.swift in Sources */,
			);
			runOnlyForDeploymentPostprocessing = 0;
		};
		2CA59AF72607C8B100E41A12 /* Sources */ = {
			isa = PBXSourcesBuildPhase;
			buildActionMask = 2147483647;
			files = (
				2CA59B002607C8B100E41A12 /* HomeUITests.swift in Sources */,
			);
			runOnlyForDeploymentPostprocessing = 0;
		};
/* End PBXSourcesBuildPhase section */

/* Begin PBXTargetDependency section */
		2CA59AF22607C8B100E41A12 /* PBXTargetDependency */ = {
			isa = PBXTargetDependency;
			target = 2CA59AD92607C8B000E41A12 /* Home */;
			targetProxy = 2CA59AF12607C8B100E41A12 /* PBXContainerItemProxy */;
		};
		2CA59AFD2607C8B100E41A12 /* PBXTargetDependency */ = {
			isa = PBXTargetDependency;
			target = 2CA59AD92607C8B000E41A12 /* Home */;
			targetProxy = 2CA59AFC2607C8B100E41A12 /* PBXContainerItemProxy */;
		};
/* End PBXTargetDependency section */

/* Begin PBXVariantGroup section */
		2CA59AE82607C8B100E41A12 /* LaunchScreen.storyboard */ = {
			isa = PBXVariantGroup;
			children = (
				2CA59AE92607C8B100E41A12 /* Base */,
			);
			name = LaunchScreen.storyboard;
			sourceTree = "<group>";
		};
/* End PBXVariantGroup section */

/* Begin XCBuildConfiguration section */
		2CA59B022607C8B100E41A12 /* Debug */ = {
			isa = XCBuildConfiguration;
			buildSettings = {
				ALWAYS_SEARCH_USER_PATHS = NO;
				CLANG_ANALYZER_NONNULL = YES;
				CLANG_ANALYZER_NUMBER_OBJECT_CONVERSION = YES_AGGRESSIVE;
				CLANG_CXX_LANGUAGE_STANDARD = "gnu++14";
				CLANG_CXX_LIBRARY = "libc++";
				CLANG_ENABLE_MODULES = YES;
				CLANG_ENABLE_OBJC_ARC = YES;
				CLANG_ENABLE_OBJC_WEAK = YES;
				CLANG_WARN_BLOCK_CAPTURE_AUTORELEASING = YES;
				CLANG_WARN_BOOL_CONVERSION = YES;
				CLANG_WARN_COMMA = YES;
				CLANG_WARN_CONSTANT_CONVERSION = YES;
				CLANG_WARN_DEPRECATED_OBJC_IMPLEMENTATIONS = YES;
				CLANG_WARN_DIRECT_OBJC_ISA_USAGE = YES_ERROR;
				CLANG_WARN_DOCUMENTATION_COMMENTS = YES;
				CLANG_WARN_EMPTY_BODY = YES;
				CLANG_WARN_ENUM_CONVERSION = YES;
				CLANG_WARN_INFINITE_RECURSION = YES;
				CLANG_WARN_INT_CONVERSION = YES;
				CLANG_WARN_NON_LITERAL_NULL_CONVERSION = YES;
				CLANG_WARN_OBJC_IMPLICIT_RETAIN_SELF = YES;
				CLANG_WARN_OBJC_LITERAL_CONVERSION = YES;
				CLANG_WARN_OBJC_ROOT_CLASS = YES_ERROR;
				CLANG_WARN_QUOTED_INCLUDE_IN_FRAMEWORK_HEADER = YES;
				CLANG_WARN_RANGE_LOOP_ANALYSIS = YES;
				CLANG_WARN_STRICT_PROTOTYPES = YES;
				CLANG_WARN_SUSPICIOUS_MOVE = YES;
				CLANG_WARN_UNGUARDED_AVAILABILITY = YES_AGGRESSIVE;
				CLANG_WARN_UNREACHABLE_CODE = YES;
				CLANG_WARN__DUPLICATE_METHOD_MATCH = YES;
				COPY_PHASE_STRIP = NO;
				DEBUG_INFORMATION_FORMAT = dwarf;
				ENABLE_STRICT_OBJC_MSGSEND = YES;
				ENABLE_TESTABILITY = YES;
				GCC_C_LANGUAGE_STANDARD = gnu11;
				GCC_DYNAMIC_NO_PIC = NO;
				GCC_NO_COMMON_BLOCKS = YES;
				GCC_OPTIMIZATION_LEVEL = 0;
				GCC_PREPROCESSOR_DEFINITIONS = (
					"DEBUG=1",
					"$(inherited)",
				);
				GCC_WARN_64_TO_32_BIT_CONVERSION = YES;
				GCC_WARN_ABOUT_RETURN_TYPE = YES_ERROR;
				GCC_WARN_UNDECLARED_SELECTOR = YES;
				GCC_WARN_UNINITIALIZED_AUTOS = YES_AGGRESSIVE;
				GCC_WARN_UNUSED_FUNCTION = YES;
				GCC_WARN_UNUSED_VARIABLE = YES;
				IPHONEOS_DEPLOYMENT_TARGET = 13.0;
				MTL_ENABLE_DEBUG_INFO = INCLUDE_SOURCE;
				MTL_FAST_MATH = YES;
				ONLY_ACTIVE_ARCH = YES;
				SDKROOT = iphoneos;
				SWIFT_ACTIVE_COMPILATION_CONDITIONS = DEBUG;
				SWIFT_OPTIMIZATION_LEVEL = "-Onone";
			};
			name = Debug;
		};
		2CA59B032607C8B100E41A12 /* Release */ = {
			isa = XCBuildConfiguration;
			buildSettings = {
				ALWAYS_SEARCH_USER_PATHS = NO;
				CLANG_ANALYZER_NONNULL = YES;
				CLANG_ANALYZER_NUMBER_OBJECT_CONVERSION = YES_AGGRESSIVE;
				CLANG_CXX_LANGUAGE_STANDARD = "gnu++14";
				CLANG_CXX_LIBRARY = "libc++";
				CLANG_ENABLE_MODULES = YES;
				CLANG_ENABLE_OBJC_ARC = YES;
				CLANG_ENABLE_OBJC_WEAK = YES;
				CLANG_WARN_BLOCK_CAPTURE_AUTORELEASING = YES;
				CLANG_WARN_BOOL_CONVERSION = YES;
				CLANG_WARN_COMMA = YES;
				CLANG_WARN_CONSTANT_CONVERSION = YES;
				CLANG_WARN_DEPRECATED_OBJC_IMPLEMENTATIONS = YES;
				CLANG_WARN_DIRECT_OBJC_ISA_USAGE = YES_ERROR;
				CLANG_WARN_DOCUMENTATION_COMMENTS = YES;
				CLANG_WARN_EMPTY_BODY = YES;
				CLANG_WARN_ENUM_CONVERSION = YES;
				CLANG_WARN_INFINITE_RECURSION = YES;
				CLANG_WARN_INT_CONVERSION = YES;
				CLANG_WARN_NON_LITERAL_NULL_CONVERSION = YES;
				CLANG_WARN_OBJC_IMPLICIT_RETAIN_SELF = YES;
				CLANG_WARN_OBJC_LITERAL_CONVERSION = YES;
				CLANG_WARN_OBJC_ROOT_CLASS = YES_ERROR;
				CLANG_WARN_QUOTED_INCLUDE_IN_FRAMEWORK_HEADER = YES;
				CLANG_WARN_RANGE_LOOP_ANALYSIS = YES;
				CLANG_WARN_STRICT_PROTOTYPES = YES;
				CLANG_WARN_SUSPICIOUS_MOVE = YES;
				CLANG_WARN_UNGUARDED_AVAILABILITY = YES_AGGRESSIVE;
				CLANG_WARN_UNREACHABLE_CODE = YES;
				CLANG_WARN__DUPLICATE_METHOD_MATCH = YES;
				COPY_PHASE_STRIP = NO;
				DEBUG_INFORMATION_FORMAT = "dwarf-with-dsym";
				ENABLE_NS_ASSERTIONS = NO;
				ENABLE_STRICT_OBJC_MSGSEND = YES;
				GCC_C_LANGUAGE_STANDARD = gnu11;
				GCC_NO_COMMON_BLOCKS = YES;
				GCC_WARN_64_TO_32_BIT_CONVERSION = YES;
				GCC_WARN_ABOUT_RETURN_TYPE = YES_ERROR;
				GCC_WARN_UNDECLARED_SELECTOR = YES;
				GCC_WARN_UNINITIALIZED_AUTOS = YES_AGGRESSIVE;
				GCC_WARN_UNUSED_FUNCTION = YES;
				GCC_WARN_UNUSED_VARIABLE = YES;
				IPHONEOS_DEPLOYMENT_TARGET = 13.0;
				MTL_ENABLE_DEBUG_INFO = NO;
				MTL_FAST_MATH = YES;
				SDKROOT = iphoneos;
				SWIFT_COMPILATION_MODE = wholemodule;
				SWIFT_OPTIMIZATION_LEVEL = "-O";
				VALIDATE_PRODUCT = YES;
			};
			name = Release;
		};
		2CA59B052607C8B100E41A12 /* Debug */ = {
			isa = XCBuildConfiguration;
			buildSettings = {
				ASSETCATALOG_COMPILER_APPICON_NAME = AppIcon;
				ASSETCATALOG_COMPILER_GLOBAL_ACCENT_COLOR_NAME = AccentColor;
				CODE_SIGN_STYLE = Automatic;
				DEVELOPMENT_TEAM = B27HT7JX8Q;
				INFOPLIST_FILE = "$(SRCROOT)/Home/Resources/Info.plist";
				IPHONEOS_DEPLOYMENT_TARGET = 13.0;
				LD_RUNPATH_SEARCH_PATHS = (
					"$(inherited)",
					"@executable_path/Frameworks",
				);
				PRODUCT_BUNDLE_IDENTIFIER = io.fabricetiennette.Home;
				PRODUCT_NAME = "$(TARGET_NAME)";
				SWIFT_VERSION = 5.0;
				TARGETED_DEVICE_FAMILY = "1,2";
			};
			name = Debug;
		};
		2CA59B062607C8B100E41A12 /* Release */ = {
			isa = XCBuildConfiguration;
			buildSettings = {
				ASSETCATALOG_COMPILER_APPICON_NAME = AppIcon;
				ASSETCATALOG_COMPILER_GLOBAL_ACCENT_COLOR_NAME = AccentColor;
				CODE_SIGN_STYLE = Automatic;
				DEVELOPMENT_TEAM = B27HT7JX8Q;
				INFOPLIST_FILE = "$(SRCROOT)/Home/Resources/Info.plist";
				IPHONEOS_DEPLOYMENT_TARGET = 13.0;
				LD_RUNPATH_SEARCH_PATHS = (
					"$(inherited)",
					"@executable_path/Frameworks",
				);
				PRODUCT_BUNDLE_IDENTIFIER = io.fabricetiennette.Home;
				PRODUCT_NAME = "$(TARGET_NAME)";
				SWIFT_VERSION = 5.0;
				TARGETED_DEVICE_FAMILY = "1,2";
			};
			name = Release;
		};
		2CA59B082607C8B100E41A12 /* Debug */ = {
			isa = XCBuildConfiguration;
			buildSettings = {
				ALWAYS_EMBED_SWIFT_STANDARD_LIBRARIES = YES;
				BUNDLE_LOADER = "$(TEST_HOST)";
				CODE_SIGN_STYLE = Automatic;
				DEVELOPMENT_TEAM = B27HT7JX8Q;
				INFOPLIST_FILE = HomeTests/Info.plist;
				IPHONEOS_DEPLOYMENT_TARGET = 14.4;
				LD_RUNPATH_SEARCH_PATHS = (
					"$(inherited)",
					"@executable_path/Frameworks",
					"@loader_path/Frameworks",
				);
				PRODUCT_BUNDLE_IDENTIFIER = io.fabricetiennette.HomeTests;
				PRODUCT_NAME = "$(TARGET_NAME)";
				SWIFT_VERSION = 5.0;
				TARGETED_DEVICE_FAMILY = "1,2";
				TEST_HOST = "$(BUILT_PRODUCTS_DIR)/Home.app/Home";
			};
			name = Debug;
		};
		2CA59B092607C8B100E41A12 /* Release */ = {
			isa = XCBuildConfiguration;
			buildSettings = {
				ALWAYS_EMBED_SWIFT_STANDARD_LIBRARIES = YES;
				BUNDLE_LOADER = "$(TEST_HOST)";
				CODE_SIGN_STYLE = Automatic;
				DEVELOPMENT_TEAM = B27HT7JX8Q;
				INFOPLIST_FILE = HomeTests/Info.plist;
				IPHONEOS_DEPLOYMENT_TARGET = 14.4;
				LD_RUNPATH_SEARCH_PATHS = (
					"$(inherited)",
					"@executable_path/Frameworks",
					"@loader_path/Frameworks",
				);
				PRODUCT_BUNDLE_IDENTIFIER = io.fabricetiennette.HomeTests;
				PRODUCT_NAME = "$(TARGET_NAME)";
				SWIFT_VERSION = 5.0;
				TARGETED_DEVICE_FAMILY = "1,2";
				TEST_HOST = "$(BUILT_PRODUCTS_DIR)/Home.app/Home";
			};
			name = Release;
		};
		2CA59B0B2607C8B100E41A12 /* Debug */ = {
			isa = XCBuildConfiguration;
			buildSettings = {
				ALWAYS_EMBED_SWIFT_STANDARD_LIBRARIES = YES;
				CODE_SIGN_STYLE = Automatic;
				DEVELOPMENT_TEAM = B27HT7JX8Q;
				INFOPLIST_FILE = HomeUITests/Info.plist;
				LD_RUNPATH_SEARCH_PATHS = (
					"$(inherited)",
					"@executable_path/Frameworks",
					"@loader_path/Frameworks",
				);
				PRODUCT_BUNDLE_IDENTIFIER = io.fabricetiennette.HomeUITests;
				PRODUCT_NAME = "$(TARGET_NAME)";
				SWIFT_VERSION = 5.0;
				TARGETED_DEVICE_FAMILY = "1,2";
				TEST_TARGET_NAME = Home;
			};
			name = Debug;
		};
		2CA59B0C2607C8B100E41A12 /* Release */ = {
			isa = XCBuildConfiguration;
			buildSettings = {
				ALWAYS_EMBED_SWIFT_STANDARD_LIBRARIES = YES;
				CODE_SIGN_STYLE = Automatic;
				DEVELOPMENT_TEAM = B27HT7JX8Q;
				INFOPLIST_FILE = HomeUITests/Info.plist;
				LD_RUNPATH_SEARCH_PATHS = (
					"$(inherited)",
					"@executable_path/Frameworks",
					"@loader_path/Frameworks",
				);
				PRODUCT_BUNDLE_IDENTIFIER = io.fabricetiennette.HomeUITests;
				PRODUCT_NAME = "$(TARGET_NAME)";
				SWIFT_VERSION = 5.0;
				TARGETED_DEVICE_FAMILY = "1,2";
				TEST_TARGET_NAME = Home;
			};
			name = Release;
		};
/* End XCBuildConfiguration section */

/* Begin XCConfigurationList section */
		2CA59AD52607C8B000E41A12 /* Build configuration list for PBXProject "Home" */ = {
			isa = XCConfigurationList;
			buildConfigurations = (
				2CA59B022607C8B100E41A12 /* Debug */,
				2CA59B032607C8B100E41A12 /* Release */,
			);
			defaultConfigurationIsVisible = 0;
			defaultConfigurationName = Release;
		};
		2CA59B042607C8B100E41A12 /* Build configuration list for PBXNativeTarget "Home" */ = {
			isa = XCConfigurationList;
			buildConfigurations = (
				2CA59B052607C8B100E41A12 /* Debug */,
				2CA59B062607C8B100E41A12 /* Release */,
			);
			defaultConfigurationIsVisible = 0;
			defaultConfigurationName = Release;
		};
		2CA59B072607C8B100E41A12 /* Build configuration list for PBXNativeTarget "HomeTests" */ = {
			isa = XCConfigurationList;
			buildConfigurations = (
				2CA59B082607C8B100E41A12 /* Debug */,
				2CA59B092607C8B100E41A12 /* Release */,
			);
			defaultConfigurationIsVisible = 0;
			defaultConfigurationName = Release;
		};
		2CA59B0A2607C8B100E41A12 /* Build configuration list for PBXNativeTarget "HomeUITests" */ = {
			isa = XCConfigurationList;
			buildConfigurations = (
				2CA59B0B2607C8B100E41A12 /* Debug */,
				2CA59B0C2607C8B100E41A12 /* Release */,
			);
			defaultConfigurationIsVisible = 0;
			defaultConfigurationName = Release;
		};
/* End XCConfigurationList section */

/* Begin XCRemoteSwiftPackageReference section */
		2CA5A1072607EBB300E41A12 /* XCRemoteSwiftPackageReference "RxSwift" */ = {
			isa = XCRemoteSwiftPackageReference;
			repositoryURL = "https://github.com/ReactiveX/RxSwift";
			requirement = {
				kind = upToNextMajorVersion;
				minimumVersion = 6.1.0;
			};
		};
/* End XCRemoteSwiftPackageReference section */

/* Begin XCSwiftPackageProductDependency section */
		2CA5A1082607EBB300E41A12 /* RxSwift */ = {
			isa = XCSwiftPackageProductDependency;
			package = 2CA5A1072607EBB300E41A12 /* XCRemoteSwiftPackageReference "RxSwift" */;
			productName = RxSwift;
		};
		2CA5A10A2607EBB300E41A12 /* RxCocoa */ = {
			isa = XCSwiftPackageProductDependency;
			package = 2CA5A1072607EBB300E41A12 /* XCRemoteSwiftPackageReference "RxSwift" */;
			productName = RxCocoa;
		};
/* End XCSwiftPackageProductDependency section */
	};
	rootObject = 2CA59AD22607C8B000E41A12 /* Project object */;
}
